// !$*UTF8*$!
{
	archiveVersion = 1;
	classes = {
	};
	objectVersion = 50;
	objects = {

/* Begin PBXBuildFile section */
		1E4CC6CB8426977902E26A21 /* Pods_TestApp.framework in Frameworks */ = {isa = PBXBuildFile; fileRef = C94944807FFF7B5B0086C5BC /* Pods_TestApp.framework */; };
		520DD35D2298631000AFC45A /* AppDelegate.swift in Sources */ = {isa = PBXBuildFile; fileRef = 520DD35C2298631000AFC45A /* AppDelegate.swift */; };
		520DD3622298631000AFC45A /* Main.storyboard in Resources */ = {isa = PBXBuildFile; fileRef = 520DD3602298631000AFC45A /* Main.storyboard */; };
		520DD3642298631100AFC45A /* Assets.xcassets in Resources */ = {isa = PBXBuildFile; fileRef = 520DD3632298631100AFC45A /* Assets.xcassets */; };
		520DD3672298631100AFC45A /* LaunchScreen.storyboard in Resources */ = {isa = PBXBuildFile; fileRef = 520DD3652298631100AFC45A /* LaunchScreen.storyboard */; };
		520E3F5F229EC9CE00550F9C /* ArticlesTableController.swift in Sources */ = {isa = PBXBuildFile; fileRef = 520E3F5E229EC9CE00550F9C /* ArticlesTableController.swift */; };
		520E3F63229ECCA600550F9C /* ArticleTableViewCell.swift in Sources */ = {isa = PBXBuildFile; fileRef = 520E3F61229ECCA600550F9C /* ArticleTableViewCell.swift */; };
		520E3F64229ECCA600550F9C /* ArticleTableViewCell.xib in Resources */ = {isa = PBXBuildFile; fileRef = 520E3F62229ECCA600550F9C /* ArticleTableViewCell.xib */; };
		520E3F66229EDFB600550F9C /* DetailArticleDataController.swift in Sources */ = {isa = PBXBuildFile; fileRef = 520E3F65229EDFB600550F9C /* DetailArticleDataController.swift */; };
		52101FF92299520200A3948A /* WebClient.swift in Sources */ = {isa = PBXBuildFile; fileRef = 52101FF82299520200A3948A /* WebClient.swift */; };
		52101FFB229952DC00A3948A /* Error.swift in Sources */ = {isa = PBXBuildFile; fileRef = 52101FFA229952DC00A3948A /* Error.swift */; };
		52101FFE22999F9600A3948A /* ArticleData.swift in Sources */ = {isa = PBXBuildFile; fileRef = 52101FFD22999F9600A3948A /* ArticleData.swift */; };
		5210BD20229D995D0074AA6C /* ArticlesStorage.xcdatamodeld in Sources */ = {isa = PBXBuildFile; fileRef = 5210BD1E229D995D0074AA6C /* ArticlesStorage.xcdatamodeld */; };
		5210BD22229DA0160074AA6C /* ArticleService.swift in Sources */ = {isa = PBXBuildFile; fileRef = 5210BD21229DA0160074AA6C /* ArticleService.swift */; };
/* End PBXBuildFile section */

/* Begin PBXFileReference section */
		0595B3EAB38D91379E8C9EB6 /* Pods-TestApp.debug.xcconfig */ = {isa = PBXFileReference; includeInIndex = 1; lastKnownFileType = text.xcconfig; name = "Pods-TestApp.debug.xcconfig"; path = "Pods/Target Support Files/Pods-TestApp/Pods-TestApp.debug.xcconfig"; sourceTree = "<group>"; };
		520DD3592298631000AFC45A /* TestApp.app */ = {isa = PBXFileReference; explicitFileType = wrapper.application; includeInIndex = 0; path = TestApp.app; sourceTree = BUILT_PRODUCTS_DIR; };
		520DD35C2298631000AFC45A /* AppDelegate.swift */ = {isa = PBXFileReference; lastKnownFileType = sourcecode.swift; path = AppDelegate.swift; sourceTree = "<group>"; };
		520DD3612298631000AFC45A /* Base */ = {isa = PBXFileReference; lastKnownFileType = file.storyboard; name = Base; path = Base.lproj/Main.storyboard; sourceTree = "<group>"; };
		520DD3632298631100AFC45A /* Assets.xcassets */ = {isa = PBXFileReference; lastKnownFileType = folder.assetcatalog; path = Assets.xcassets; sourceTree = "<group>"; };
		520DD3662298631100AFC45A /* Base */ = {isa = PBXFileReference; lastKnownFileType = file.storyboard; name = Base; path = Base.lproj/LaunchScreen.storyboard; sourceTree = "<group>"; };
		520DD3682298631100AFC45A /* Info.plist */ = {isa = PBXFileReference; lastKnownFileType = text.plist.xml; path = Info.plist; sourceTree = "<group>"; };
		520E3F5E229EC9CE00550F9C /* ArticlesTableController.swift */ = {isa = PBXFileReference; lastKnownFileType = sourcecode.swift; path = ArticlesTableController.swift; sourceTree = "<group>"; };
		520E3F61229ECCA600550F9C /* ArticleTableViewCell.swift */ = {isa = PBXFileReference; lastKnownFileType = sourcecode.swift; path = ArticleTableViewCell.swift; sourceTree = "<group>"; };
		520E3F62229ECCA600550F9C /* ArticleTableViewCell.xib */ = {isa = PBXFileReference; lastKnownFileType = file.xib; path = ArticleTableViewCell.xib; sourceTree = "<group>"; };
		520E3F65229EDFB600550F9C /* DetailArticleDataController.swift */ = {isa = PBXFileReference; lastKnownFileType = sourcecode.swift; path = DetailArticleDataController.swift; sourceTree = "<group>"; };
		52101FF82299520200A3948A /* WebClient.swift */ = {isa = PBXFileReference; lastKnownFileType = sourcecode.swift; path = WebClient.swift; sourceTree = "<group>"; };
		52101FFA229952DC00A3948A /* Error.swift */ = {isa = PBXFileReference; lastKnownFileType = sourcecode.swift; path = Error.swift; sourceTree = "<group>"; };
		52101FFD22999F9600A3948A /* ArticleData.swift */ = {isa = PBXFileReference; lastKnownFileType = sourcecode.swift; path = ArticleData.swift; sourceTree = "<group>"; };
		5210BD1F229D995D0074AA6C /* WeatherStorage.xcdatamodel */ = {isa = PBXFileReference; lastKnownFileType = wrapper.xcdatamodel; path = WeatherStorage.xcdatamodel; sourceTree = "<group>"; };
		5210BD21229DA0160074AA6C /* ArticleService.swift */ = {isa = PBXFileReference; lastKnownFileType = sourcecode.swift; path = ArticleService.swift; sourceTree = "<group>"; };
		90B9F5ECC00BD3C78C5E3E8D /* Pods-TestApp.release.xcconfig */ = {isa = PBXFileReference; includeInIndex = 1; lastKnownFileType = text.xcconfig; name = "Pods-TestApp.release.xcconfig"; path = "Pods/Target Support Files/Pods-TestApp/Pods-TestApp.release.xcconfig"; sourceTree = "<group>"; };
		C94944807FFF7B5B0086C5BC /* Pods_TestApp.framework */ = {isa = PBXFileReference; explicitFileType = wrapper.framework; includeInIndex = 0; path = Pods_TestApp.framework; sourceTree = BUILT_PRODUCTS_DIR; };
/* End PBXFileReference section */

/* Begin PBXFrameworksBuildPhase section */
		520DD3562298631000AFC45A /* Frameworks */ = {
			isa = PBXFrameworksBuildPhase;
			buildActionMask = 2147483647;
			files = (
				1E4CC6CB8426977902E26A21 /* Pods_TestApp.framework in Frameworks */,
			);
			runOnlyForDeploymentPostprocessing = 0;
		};
/* End PBXFrameworksBuildPhase section */

/* Begin PBXGroup section */
		4677B378ADDD4C0DD0E81AEE /* Pods */ = {
			isa = PBXGroup;
			children = (
				0595B3EAB38D91379E8C9EB6 /* Pods-TestApp.debug.xcconfig */,
				90B9F5ECC00BD3C78C5E3E8D /* Pods-TestApp.release.xcconfig */,
			);
			name = Pods;
			sourceTree = "<group>";
		};
		520DD3502298631000AFC45A = {
			isa = PBXGroup;
			children = (
				520DD35B2298631000AFC45A /* TestApp */,
				520DD35A2298631000AFC45A /* Products */,
				4677B378ADDD4C0DD0E81AEE /* Pods */,
				7DBCD756EAA40FAE19CE634F /* Frameworks */,
			);
			sourceTree = "<group>";
		};
		520DD35A2298631000AFC45A /* Products */ = {
			isa = PBXGroup;
			children = (
				520DD3592298631000AFC45A /* TestApp.app */,
			);
			name = Products;
			sourceTree = "<group>";
		};
		520DD35B2298631000AFC45A /* TestApp */ = {
			isa = PBXGroup;
			children = (
				520DD35C2298631000AFC45A /* AppDelegate.swift */,
				520E3F5E229EC9CE00550F9C /* ArticlesTableController.swift */,
				520DD3602298631000AFC45A /* Main.storyboard */,
				520DD3632298631100AFC45A /* Assets.xcassets */,
				5210BD1E229D995D0074AA6C /* ArticlesStorage.xcdatamodeld */,
				520E3F65229EDFB600550F9C /* DetailArticleDataController.swift */,
				520E3F60229ECC5F00550F9C /* Views */,
				52101FFC22999F7100A3948A /* Model */,
				52101FF7229951BF00A3948A /* web */,
				520DD3652298631100AFC45A /* LaunchScreen.storyboard */,
				520DD3682298631100AFC45A /* Info.plist */,
			);
			path = TestApp;
			sourceTree = "<group>";
		};
		520E3F60229ECC5F00550F9C /* Views */ = {
			isa = PBXGroup;
			children = (
				520E3F61229ECCA600550F9C /* ArticleTableViewCell.swift */,
				520E3F62229ECCA600550F9C /* ArticleTableViewCell.xib */,
			);
			path = Views;
			sourceTree = "<group>";
		};
		52101FF7229951BF00A3948A /* web */ = {
			isa = PBXGroup;
			children = (
				52101FF82299520200A3948A /* WebClient.swift */,
				52101FFA229952DC00A3948A /* Error.swift */,
				5210BD21229DA0160074AA6C /* ArticleService.swift */,
			);
			path = web;
			sourceTree = "<group>";
		};
		52101FFC22999F7100A3948A /* Model */ = {
			isa = PBXGroup;
			children = (
				52101FFD22999F9600A3948A /* ArticleData.swift */,
			);
			path = Model;
			sourceTree = "<group>";
		};
		7DBCD756EAA40FAE19CE634F /* Frameworks */ = {
			isa = PBXGroup;
			children = (
				C94944807FFF7B5B0086C5BC /* Pods_TestApp.framework */,
			);
			name = Frameworks;
			sourceTree = "<group>";
		};
/* End PBXGroup section */

/* Begin PBXNativeTarget section */
		520DD3582298631000AFC45A /* TestApp */ = {
			isa = PBXNativeTarget;
			buildConfigurationList = 520DD36B2298631100AFC45A /* Build configuration list for PBXNativeTarget "TestApp" */;
			buildPhases = (
				55BAAFB94B69E965B1140F26 /* [CP] Check Pods Manifest.lock */,
				520DD3552298631000AFC45A /* Sources */,
				520DD3562298631000AFC45A /* Frameworks */,
				520DD3572298631000AFC45A /* Resources */,
				976DFCB7C28D34C0011051D9 /* [CP] Embed Pods Frameworks */,
			);
			buildRules = (
			);
			dependencies = (
			);
			name = TestApp;
			productName = TestApp;
			productReference = 520DD3592298631000AFC45A /* TestApp.app */;
			productType = "com.apple.product-type.application";
		};
/* End PBXNativeTarget section */

/* Begin PBXProject section */
		520DD3512298631000AFC45A /* Project object */ = {
			isa = PBXProject;
			attributes = {
				LastSwiftUpdateCheck = 0940;
				LastUpgradeCheck = 0940;
				TargetAttributes = {
					520DD3582298631000AFC45A = {
						CreatedOnToolsVersion = 9.4.1;
					};
				};
			};
			buildConfigurationList = 520DD3542298631000AFC45A /* Build configuration list for PBXProject "TestApp" */;
			compatibilityVersion = "Xcode 9.3";
			developmentRegion = en;
			hasScannedForEncodings = 0;
			knownRegions = (
				en,
				Base,
			);
			mainGroup = 520DD3502298631000AFC45A;
			productRefGroup = 520DD35A2298631000AFC45A /* Products */;
			projectDirPath = "";
			projectRoot = "";
			targets = (
				520DD3582298631000AFC45A /* TestApp */,
			);
		};
/* End PBXProject section */

/* Begin PBXResourcesBuildPhase section */
		520DD3572298631000AFC45A /* Resources */ = {
			isa = PBXResourcesBuildPhase;
			buildActionMask = 2147483647;
			files = (
				520DD3672298631100AFC45A /* LaunchScreen.storyboard in Resources */,
				520E3F64229ECCA600550F9C /* ArticleTableViewCell.xib in Resources */,
				520DD3642298631100AFC45A /* Assets.xcassets in Resources */,
				520DD3622298631000AFC45A /* Main.storyboard in Resources */,
			);
			runOnlyForDeploymentPostprocessing = 0;
		};
/* End PBXResourcesBuildPhase section */

/* Begin PBXShellScriptBuildPhase section */
		55BAAFB94B69E965B1140F26 /* [CP] Check Pods Manifest.lock */ = {
			isa = PBXShellScriptBuildPhase;
			buildActionMask = 2147483647;
			files = (
			);
			inputPaths = (
				"${PODS_PODFILE_DIR_PATH}/Podfile.lock",
				"${PODS_ROOT}/Manifest.lock",
			);
			name = "[CP] Check Pods Manifest.lock";
			outputPaths = (
				"$(DERIVED_FILE_DIR)/Pods-TestApp-checkManifestLockResult.txt",
			);
			runOnlyForDeploymentPostprocessing = 0;
			shellPath = /bin/sh;
			shellScript = "diff \"${PODS_PODFILE_DIR_PATH}/Podfile.lock\" \"${PODS_ROOT}/Manifest.lock\" > /dev/null\nif [ $? != 0 ] ; then\n    # print error to STDERR\n    echo \"error: The sandbox is not in sync with the Podfile.lock. Run 'pod install' or update your CocoaPods installation.\" >&2\n    exit 1\nfi\n# This output is used by Xcode 'outputs' to avoid re-running this script phase.\necho \"SUCCESS\" > \"${SCRIPT_OUTPUT_FILE_0}\"\n";
			showEnvVarsInLog = 0;
		};
		976DFCB7C28D34C0011051D9 /* [CP] Embed Pods Frameworks */ = {
			isa = PBXShellScriptBuildPhase;
			buildActionMask = 2147483647;
			files = (
			);
			inputPaths = (
				"${SRCROOT}/Pods/Target Support Files/Pods-TestApp/Pods-TestApp-frameworks.sh",
				"${BUILT_PRODUCTS_DIR}/Alamofire/Alamofire.framework",
			);
			name = "[CP] Embed Pods Frameworks";
			outputPaths = (
				"${TARGET_BUILD_DIR}/${FRAMEWORKS_FOLDER_PATH}/Alamofire.framework",
			);
			runOnlyForDeploymentPostprocessing = 0;
			shellPath = /bin/sh;
			shellScript = "\"${SRCROOT}/Pods/Target Support Files/Pods-TestApp/Pods-TestApp-frameworks.sh\"\n";
			showEnvVarsInLog = 0;
		};
/* End PBXShellScriptBuildPhase section */

/* Begin PBXSourcesBuildPhase section */
		520DD3552298631000AFC45A /* Sources */ = {
			isa = PBXSourcesBuildPhase;
			buildActionMask = 2147483647;
			files = (
				52101FFB229952DC00A3948A /* Error.swift in Sources */,
				52101FFE22999F9600A3948A /* ArticleData.swift in Sources */,
				520E3F63229ECCA600550F9C /* ArticleTableViewCell.swift in Sources */,
				520E3F5F229EC9CE00550F9C /* ArticlesTableController.swift in Sources */,
				520E3F66229EDFB600550F9C /* DetailArticleDataController.swift in Sources */,
				5210BD22229DA0160074AA6C /* ArticleService.swift in Sources */,
				520DD35D2298631000AFC45A /* AppDelegate.swift in Sources */,
				5210BD20229D995D0074AA6C /* ArticlesStorage.xcdatamodeld in Sources */,
				52101FF92299520200A3948A /* WebClient.swift in Sources */,
			);
			runOnlyForDeploymentPostprocessing = 0;
		};
/* End PBXSourcesBuildPhase section */

/* Begin PBXVariantGroup section */
		520DD3602298631000AFC45A /* Main.storyboard */ = {
			isa = PBXVariantGroup;
			children = (
				520DD3612298631000AFC45A /* Base */,
			);
			name = Main.storyboard;
			sourceTree = "<group>";
		};
		520DD3652298631100AFC45A /* LaunchScreen.storyboard */ = {
			isa = PBXVariantGroup;
			children = (
				520DD3662298631100AFC45A /* Base */,
			);
			name = LaunchScreen.storyboard;
			sourceTree = "<group>";
		};
/* End PBXVariantGroup section */

/* Begin XCBuildConfiguration section */
		520DD3692298631100AFC45A /* Debug */ = {
			isa = XCBuildConfiguration;
			buildSettings = {
				ALWAYS_SEARCH_USER_PATHS = NO;
				CLANG_ANALYZER_NONNULL = YES;
				CLANG_ANALYZER_NUMBER_OBJECT_CONVERSION = YES_AGGRESSIVE;
				CLANG_CXX_LANGUAGE_STANDARD = "gnu++14";
				CLANG_CXX_LIBRARY = "libc++";
				CLANG_ENABLE_MODULES = YES;
				CLANG_ENABLE_OBJC_ARC = YES;
				CLANG_ENABLE_OBJC_WEAK = YES;
				CLANG_WARN_BLOCK_CAPTURE_AUTORELEASING = YES;
				CLANG_WARN_BOOL_CONVERSION = YES;
				CLANG_WARN_COMMA = YES;
				CLANG_WARN_CONSTANT_CONVERSION = YES;
				CLANG_WARN_DEPRECATED_OBJC_IMPLEMENTATIONS = YES;
				CLANG_WARN_DIRECT_OBJC_ISA_USAGE = YES_ERROR;
				CLANG_WARN_DOCUMENTATION_COMMENTS = YES;
				CLANG_WARN_EMPTY_BODY = YES;
				CLANG_WARN_ENUM_CONVERSION = YES;
				CLANG_WARN_INFINITE_RECURSION = YES;
				CLANG_WARN_INT_CONVERSION = YES;
				CLANG_WARN_NON_LITERAL_NULL_CONVERSION = YES;
				CLANG_WARN_OBJC_IMPLICIT_RETAIN_SELF = YES;
				CLANG_WARN_OBJC_LITERAL_CONVERSION = YES;
				CLANG_WARN_OBJC_ROOT_CLASS = YES_ERROR;
				CLANG_WARN_RANGE_LOOP_ANALYSIS = YES;
				CLANG_WARN_STRICT_PROTOTYPES = YES;
				CLANG_WARN_SUSPICIOUS_MOVE = YES;
				CLANG_WARN_UNGUARDED_AVAILABILITY = YES_AGGRESSIVE;
				CLANG_WARN_UNREACHABLE_CODE = YES;
				CLANG_WARN__DUPLICATE_METHOD_MATCH = YES;
				CODE_SIGN_IDENTITY = "iPhone Developer";
				COPY_PHASE_STRIP = NO;
				DEBUG_INFORMATION_FORMAT = dwarf;
				ENABLE_STRICT_OBJC_MSGSEND = YES;
				ENABLE_TESTABILITY = YES;
				GCC_C_LANGUAGE_STANDARD = gnu11;
				GCC_DYNAMIC_NO_PIC = NO;
				GCC_NO_COMMON_BLOCKS = YES;
				GCC_OPTIMIZATION_LEVEL = 0;
				GCC_PREPROCESSOR_DEFINITIONS = (
					"DEBUG=1",
					"$(inherited)",
				);
				GCC_WARN_64_TO_32_BIT_CONVERSION = YES;
				GCC_WARN_ABOUT_RETURN_TYPE = YES_ERROR;
				GCC_WARN_UNDECLARED_SELECTOR = YES;
				GCC_WARN_UNINITIALIZED_AUTOS = YES_AGGRESSIVE;
				GCC_WARN_UNUSED_FUNCTION = YES;
				GCC_WARN_UNUSED_VARIABLE = YES;
				IPHONEOS_DEPLOYMENT_TARGET = 11.4;
				MTL_ENABLE_DEBUG_INFO = YES;
				ONLY_ACTIVE_ARCH = YES;
				SDKROOT = iphoneos;
				SWIFT_ACTIVE_COMPILATION_CONDITIONS = DEBUG;
				SWIFT_OPTIMIZATION_LEVEL = "-Onone";
			};
			name = Debug;
		};
		520DD36A2298631100AFC45A /* Release */ = {
			isa = XCBuildConfiguration;
			buildSettings = {
				ALWAYS_SEARCH_USER_PATHS = NO;
				CLANG_ANALYZER_NONNULL = YES;
				CLANG_ANALYZER_NUMBER_OBJECT_CONVERSION = YES_AGGRESSIVE;
				CLANG_CXX_LANGUAGE_STANDARD = "gnu++14";
				CLANG_CXX_LIBRARY = "libc++";
				CLANG_ENABLE_MODULES = YES;
				CLANG_ENABLE_OBJC_ARC = YES;
				CLANG_ENABLE_OBJC_WEAK = YES;
				CLANG_WARN_BLOCK_CAPTURE_AUTORELEASING = YES;
				CLANG_WARN_BOOL_CONVERSION = YES;
				CLANG_WARN_COMMA = YES;
				CLANG_WARN_CONSTANT_CONVERSION = YES;
				CLANG_WARN_DEPRECATED_OBJC_IMPLEMENTATIONS = YES;
				CLANG_WARN_DIRECT_OBJC_ISA_USAGE = YES_ERROR;
				CLANG_WARN_DOCUMENTATION_COMMENTS = YES;
				CLANG_WARN_EMPTY_BODY = YES;
				CLANG_WARN_ENUM_CONVERSION = YES;
				CLANG_WARN_INFINITE_RECURSION = YES;
				CLANG_WARN_INT_CONVERSION = YES;
				CLANG_WARN_NON_LITERAL_NULL_CONVERSION = YES;
				CLANG_WARN_OBJC_IMPLICIT_RETAIN_SELF = YES;
				CLANG_WARN_OBJC_LITERAL_CONVERSION = YES;
				CLANG_WARN_OBJC_ROOT_CLASS = YES_ERROR;
				CLANG_WARN_RANGE_LOOP_ANALYSIS = YES;
				CLANG_WARN_STRICT_PROTOTYPES = YES;
				CLANG_WARN_SUSPICIOUS_MOVE = YES;
				CLANG_WARN_UNGUARDED_AVAILABILITY = YES_AGGRESSIVE;
				CLANG_WARN_UNREACHABLE_CODE = YES;
				CLANG_WARN__DUPLICATE_METHOD_MATCH = YES;
				CODE_SIGN_IDENTITY = "iPhone Developer";
				COPY_PHASE_STRIP = NO;
				DEBUG_INFORMATION_FORMAT = "dwarf-with-dsym";
				ENABLE_NS_ASSERTIONS = NO;
				ENABLE_STRICT_OBJC_MSGSEND = YES;
				GCC_C_LANGUAGE_STANDARD = gnu11;
				GCC_NO_COMMON_BLOCKS = YES;
				GCC_WARN_64_TO_32_BIT_CONVERSION = YES;
				GCC_WARN_ABOUT_RETURN_TYPE = YES_ERROR;
				GCC_WARN_UNDECLARED_SELECTOR = YES;
				GCC_WARN_UNINITIALIZED_AUTOS = YES_AGGRESSIVE;
				GCC_WARN_UNUSED_FUNCTION = YES;
				GCC_WARN_UNUSED_VARIABLE = YES;
				IPHONEOS_DEPLOYMENT_TARGET = 11.4;
				MTL_ENABLE_DEBUG_INFO = NO;
				SDKROOT = iphoneos;
				SWIFT_COMPILATION_MODE = wholemodule;
				SWIFT_OPTIMIZATION_LEVEL = "-O";
				VALIDATE_PRODUCT = YES;
			};
			name = Release;
		};
		520DD36C2298631100AFC45A /* Debug */ = {
			isa = XCBuildConfiguration;
			baseConfigurationReference = 0595B3EAB38D91379E8C9EB6 /* Pods-TestApp.debug.xcconfig */;
			buildSettings = {
				ASSETCATALOG_COMPILER_APPICON_NAME = AppIcon;
				CODE_SIGN_STYLE = Automatic;
				INFOPLIST_FILE = TestApp/Info.plist;
				LD_RUNPATH_SEARCH_PATHS = (
					"$(inherited)",
					"@executable_path/Frameworks",
				);
				PRODUCT_BUNDLE_IDENTIFIER = byMishko.TestApp;
				PRODUCT_NAME = "$(TARGET_NAME)";
				SWIFT_VERSION = 4.0;
				TARGETED_DEVICE_FAMILY = "1,2";
			};
			name = Debug;
		};
		520DD36D2298631100AFC45A /* Release */ = {
			isa = XCBuildConfiguration;
			baseConfigurationReference = 90B9F5ECC00BD3C78C5E3E8D /* Pods-TestApp.release.xcconfig */;
			buildSettings = {
				ASSETCATALOG_COMPILER_APPICON_NAME = AppIcon;
				CODE_SIGN_STYLE = Automatic;
				INFOPLIST_FILE = TestApp/Info.plist;
				LD_RUNPATH_SEARCH_PATHS = (
					"$(inherited)",
					"@executable_path/Frameworks",
				);
				PRODUCT_BUNDLE_IDENTIFIER = byMishko.TestApp;
				PRODUCT_NAME = "$(TARGET_NAME)";
				SWIFT_VERSION = 4.0;
				TARGETED_DEVICE_FAMILY = "1,2";
			};
			name = Release;
		};
/* End XCBuildConfiguration section */

/* Begin XCConfigurationList section */
		520DD3542298631000AFC45A /* Build configuration list for PBXProject "TestApp" */ = {
			isa = XCConfigurationList;
			buildConfigurations = (
				520DD3692298631100AFC45A /* Debug */,
				520DD36A2298631100AFC45A /* Release */,
			);
			defaultConfigurationIsVisible = 0;
			defaultConfigurationName = Release;
		};
		520DD36B2298631100AFC45A /* Build configuration list for PBXNativeTarget "TestApp" */ = {
			isa = XCConfigurationList;
			buildConfigurations = (
				520DD36C2298631100AFC45A /* Debug */,
				520DD36D2298631100AFC45A /* Release */,
			);
			defaultConfigurationIsVisible = 0;
			defaultConfigurationName = Release;
		};
/* End XCConfigurationList section */

/* Begin XCVersionGroup section */
		5210BD1E229D995D0074AA6C /* ArticlesStorage.xcdatamodeld */ = {
			isa = XCVersionGroup;
			children = (
				5210BD1F229D995D0074AA6C /* WeatherStorage.xcdatamodel */,
			);
			currentVersion = 5210BD1F229D995D0074AA6C /* WeatherStorage.xcdatamodel */;
			path = ArticlesStorage.xcdatamodeld;
			sourceTree = "<group>";
			versionGroupType = wrapper.xcdatamodel;
		};
/* End XCVersionGroup section */
	};
	rootObject = 520DD3512298631000AFC45A /* Project object */;
}
